
Microsoft Visual Studio Solution File, Format Version 12.00
# Visual Studio Version 17
VisualStudioVersion = 17.10.34928.147
MinimumVisualStudioVersion = 10.0.40219.1
Project("{9A19103F-16F7-4668-BE54-9A1E7A4F7556}") = "OnlineStore", "OnlineStore\OnlineStore.csproj", "{979C5DB5-AC59-440C-9730-42E25A8F5B89}"
EndProject
Project("{FAE04EC0-301F-11D3-BF4B-00C04F79EFBC}") = "OnlineStoreAdminPanel.Web", "OnlineStoreAdminPanel\OnlineStoreAdminPanel.Web\OnlineStoreAdminPanel.Web.csproj", "{055346E7-DEC9-4DDD-94A6-5F31C7ACECA3}"
EndProject
Global
	GlobalSection(SolutionConfigurationPlatforms) = preSolution
		Debug|Any CPU = Debug|Any CPU
		Release|Any CPU = Release|Any CPU
	EndGlobalSection
	GlobalSection(ProjectConfigurationPlatforms) = postSolution
		{979C5DB5-AC59-440C-9730-42E25A8F5B89}.Debug|Any CPU.ActiveCfg = Debug|Any CPU
		{979C5DB5-AC59-440C-9730-42E25A8F5B89}.Debug|Any CPU.Build.0 = Debug|Any CPU
		{979C5DB5-AC59-440C-9730-42E25A8F5B89}.Release|Any CPU.ActiveCfg = Release|Any CPU
		{979C5DB5-AC59-440C-9730-42E25A8F5B89}.Release|Any CPU.Build.0 = Release|Any CPU
		{055346E7-DEC9-4DDD-94A6-5F31C7ACECA3}.Debug|Any CPU.ActiveCfg = Debug|Any CPU
		{055346E7-DEC9-4DDD-94A6-5F31C7ACECA3}.Debug|Any CPU.Build.0 = Debug|Any CPU
		{055346E7-DEC9-4DDD-94A6-5F31C7ACECA3}.Release|Any CPU.ActiveCfg = Release|Any CPU
		{055346E7-DEC9-4DDD-94A6-5F31C7ACECA3}.Release|Any CPU.Build.0 = Release|Any CPU
	EndGlobalSection
	GlobalSection(SolutionProperties) = preSolution
		HideSolutionNode = FALSE
	EndGlobalSection
	GlobalSection(ExtensibilityGlobals) = postSolution
		SolutionGuid = {80F8C64A-4468-47B2-997D-E6FA3644C218}
	EndGlobalSection
EndGlobal
